// !$*UTF8*$!
{
	archiveVersion = 1;
	classes = {
	};
	objectVersion = 56;
	objects = {

/* Begin PBXBuildFile section */
		578BFACA2C3AD46000A9D6D2 /* FindIcon.xcdatamodeld in Sources */ = {isa = PBXBuildFile; fileRef = 578BFAC82C3AD46000A9D6D2 /* FindIcon.xcdatamodeld */; };
		578BFACC2C3AD7FA00A9D6D2 /* IconModel.swift in Sources */ = {isa = PBXBuildFile; fileRef = 578BFACB2C3AD7FA00A9D6D2 /* IconModel.swift */; };
		578BFACE2C3AE77700A9D6D2 /* CoreDataHelper.swift in Sources */ = {isa = PBXBuildFile; fileRef = 578BFACD2C3AE77700A9D6D2 /* CoreDataHelper.swift */; };
		5792A9062C42A2BF00B81782 /* UIViewControllerExtension.swift in Sources */ = {isa = PBXBuildFile; fileRef = 5792A9052C42A2BF00B81782 /* UIViewControllerExtension.swift */; };
		5792A9082C42A34600B81782 /* IconTableView.swift in Sources */ = {isa = PBXBuildFile; fileRef = 5792A9072C42A34600B81782 /* IconTableView.swift */; };
		5792A90A2C42AA8600B81782 /* IconTableViewModel.swift in Sources */ = {isa = PBXBuildFile; fileRef = 5792A9092C42AA8600B81782 /* IconTableViewModel.swift */; };
		5792A9112C42AC9200B81782 /* JSONHelper.swift in Sources */ = {isa = PBXBuildFile; fileRef = 5792A9102C42AC9200B81782 /* JSONHelper.swift */; };
		579C1A172C36A77C00428ED0 /* SearchViewModel.swift in Sources */ = {isa = PBXBuildFile; fileRef = 579C1A162C36A77C00428ED0 /* SearchViewModel.swift */; };
		579C1A192C370B6200428ED0 /* IconSearchResults.swift in Sources */ = {isa = PBXBuildFile; fileRef = 579C1A182C370B6200428ED0 /* IconSearchResults.swift */; };
		57A397D72C315D3A007889D6 /* AppDelegate.swift in Sources */ = {isa = PBXBuildFile; fileRef = 57A397D62C315D3A007889D6 /* AppDelegate.swift */; };
		57A397D92C315D3A007889D6 /* SceneDelegate.swift in Sources */ = {isa = PBXBuildFile; fileRef = 57A397D82C315D3A007889D6 /* SceneDelegate.swift */; };
		57A397E02C315D3B007889D6 /* Assets.xcassets in Resources */ = {isa = PBXBuildFile; fileRef = 57A397DF2C315D3B007889D6 /* Assets.xcassets */; };
		57A397E32C315D3B007889D6 /* Base in Resources */ = {isa = PBXBuildFile; fileRef = 57A397E22C315D3B007889D6 /* Base */; };
		57A397EB2C315E52007889D6 /* TabBarController.swift in Sources */ = {isa = PBXBuildFile; fileRef = 57A397EA2C315E52007889D6 /* TabBarController.swift */; };
		57A397ED2C315E57007889D6 /* SearchViewController.swift in Sources */ = {isa = PBXBuildFile; fileRef = 57A397EC2C315E57007889D6 /* SearchViewController.swift */; };
		57A397EF2C315E5C007889D6 /* FavoriteViewController.swift in Sources */ = {isa = PBXBuildFile; fileRef = 57A397EE2C315E5C007889D6 /* FavoriteViewController.swift */; };
		57A397F42C315E6D007889D6 /* Strings.swift in Sources */ = {isa = PBXBuildFile; fileRef = 57A397F12C315E6D007889D6 /* Strings.swift */; };
		57A397F72C33120A007889D6 /* IconTableViewCell.swift in Sources */ = {isa = PBXBuildFile; fileRef = 57A397F62C33120A007889D6 /* IconTableViewCell.swift */; };
		57A3EEBB2C4ACE50007DCB19 /* findIconUITests.swift in Sources */ = {isa = PBXBuildFile; fileRef = 57A3EEBA2C4ACE50007DCB19 /* findIconUITests.swift */; };
		57A3EEBD2C4ACE50007DCB19 /* findIconUITestsLaunchTests.swift in Sources */ = {isa = PBXBuildFile; fileRef = 57A3EEBC2C4ACE50007DCB19 /* findIconUITestsLaunchTests.swift */; };
		57A3EEC32C4ACE9C007DCB19 /* FavoriteViewController.swift in Sources */ = {isa = PBXBuildFile; fileRef = 57A397EE2C315E5C007889D6 /* FavoriteViewController.swift */; };
		57A3EEC42C4ACE9C007DCB19 /* SearchViewModel.swift in Sources */ = {isa = PBXBuildFile; fileRef = 579C1A162C36A77C00428ED0 /* SearchViewModel.swift */; };
		57A3EEC52C4ACE9C007DCB19 /* TabBarController.swift in Sources */ = {isa = PBXBuildFile; fileRef = 57A397EA2C315E52007889D6 /* TabBarController.swift */; };
		57A3EEC62C4ACE9C007DCB19 /* JSONHelper.swift in Sources */ = {isa = PBXBuildFile; fileRef = 5792A9102C42AC9200B81782 /* JSONHelper.swift */; };
		57A3EEC72C4ACE9C007DCB19 /* SceneDelegate.swift in Sources */ = {isa = PBXBuildFile; fileRef = 57A397D82C315D3A007889D6 /* SceneDelegate.swift */; };
		57A3EEC82C4ACE9C007DCB19 /* IconSearchResults.swift in Sources */ = {isa = PBXBuildFile; fileRef = 579C1A182C370B6200428ED0 /* IconSearchResults.swift */; };
		57A3EEC92C4ACE9C007DCB19 /* UIViewControllerExtension.swift in Sources */ = {isa = PBXBuildFile; fileRef = 5792A9052C42A2BF00B81782 /* UIViewControllerExtension.swift */; };
		57A3EECA2C4ACE9C007DCB19 /* SearchViewController.swift in Sources */ = {isa = PBXBuildFile; fileRef = 57A397EC2C315E57007889D6 /* SearchViewController.swift */; };
		57A3EECB2C4ACE9C007DCB19 /* IconTableView.swift in Sources */ = {isa = PBXBuildFile; fileRef = 5792A9072C42A34600B81782 /* IconTableView.swift */; };
		57A3EECC2C4ACE9C007DCB19 /* AppDelegate.swift in Sources */ = {isa = PBXBuildFile; fileRef = 57A397D62C315D3A007889D6 /* AppDelegate.swift */; };
		57A3EECD2C4ACE9C007DCB19 /* IconTableViewCell.swift in Sources */ = {isa = PBXBuildFile; fileRef = 57A397F62C33120A007889D6 /* IconTableViewCell.swift */; };
		57A3EECE2C4ACE9C007DCB19 /* IconTableViewModel.swift in Sources */ = {isa = PBXBuildFile; fileRef = 5792A9092C42AA8600B81782 /* IconTableViewModel.swift */; };
		57A3EECF2C4ACE9C007DCB19 /* Strings.swift in Sources */ = {isa = PBXBuildFile; fileRef = 57A397F12C315E6D007889D6 /* Strings.swift */; };
		57A3EED02C4ACE9C007DCB19 /* IconModel.swift in Sources */ = {isa = PBXBuildFile; fileRef = 578BFACB2C3AD7FA00A9D6D2 /* IconModel.swift */; };
		57A3EED12C4ACE9C007DCB19 /* CoreDataHelper.swift in Sources */ = {isa = PBXBuildFile; fileRef = 578BFACD2C3AE77700A9D6D2 /* CoreDataHelper.swift */; };
		57A3EED22C4ACEA1007DCB19 /* FindIcon.xcdatamodeld in Sources */ = {isa = PBXBuildFile; fileRef = 578BFAC82C3AD46000A9D6D2 /* FindIcon.xcdatamodeld */; };
		57A3EED32C4AD150007DCB19 /* Assets.xcassets in Resources */ = {isa = PBXBuildFile; fileRef = 57A397DF2C315D3B007889D6 /* Assets.xcassets */; };
		57D5DA822C46E17900EC3A97 /* findIconTests.swift in Sources */ = {isa = PBXBuildFile; fileRef = 57D5DA812C46E17900EC3A97 /* findIconTests.swift */; };
		57D5DA882C46E1CF00EC3A97 /* SearchViewModel.swift in Sources */ = {isa = PBXBuildFile; fileRef = 579C1A162C36A77C00428ED0 /* SearchViewModel.swift */; };
		57D5DA892C46E22000EC3A97 /* IconTableViewModel.swift in Sources */ = {isa = PBXBuildFile; fileRef = 5792A9092C42AA8600B81782 /* IconTableViewModel.swift */; };
		57D5DA8A2C46E2CA00EC3A97 /* IconModel.swift in Sources */ = {isa = PBXBuildFile; fileRef = 578BFACB2C3AD7FA00A9D6D2 /* IconModel.swift */; };
		57D5DA8B2C46E2E300EC3A97 /* CoreDataHelper.swift in Sources */ = {isa = PBXBuildFile; fileRef = 578BFACD2C3AE77700A9D6D2 /* CoreDataHelper.swift */; };
		57D5DA8C2C46E2F400EC3A97 /* IconTableViewCell.swift in Sources */ = {isa = PBXBuildFile; fileRef = 57A397F62C33120A007889D6 /* IconTableViewCell.swift */; };
		57D5DA8D2C46E2F400EC3A97 /* SceneDelegate.swift in Sources */ = {isa = PBXBuildFile; fileRef = 57A397D82C315D3A007889D6 /* SceneDelegate.swift */; };
		57D5DA8E2C46E2F400EC3A97 /* Strings.swift in Sources */ = {isa = PBXBuildFile; fileRef = 57A397F12C315E6D007889D6 /* Strings.swift */; };
		57D5DA8F2C46E2F400EC3A97 /* UIViewControllerExtension.swift in Sources */ = {isa = PBXBuildFile; fileRef = 5792A9052C42A2BF00B81782 /* UIViewControllerExtension.swift */; };
		57D5DA902C46E2F400EC3A97 /* JSONHelper.swift in Sources */ = {isa = PBXBuildFile; fileRef = 5792A9102C42AC9200B81782 /* JSONHelper.swift */; };
		57D5DA912C46E2F400EC3A97 /* FavoriteViewController.swift in Sources */ = {isa = PBXBuildFile; fileRef = 57A397EE2C315E5C007889D6 /* FavoriteViewController.swift */; };
		57D5DA922C46E2F400EC3A97 /* AppDelegate.swift in Sources */ = {isa = PBXBuildFile; fileRef = 57A397D62C315D3A007889D6 /* AppDelegate.swift */; };
		57D5DA932C46E2F400EC3A97 /* IconTableView.swift in Sources */ = {isa = PBXBuildFile; fileRef = 5792A9072C42A34600B81782 /* IconTableView.swift */; };
		57D5DA942C46E2F400EC3A97 /* SearchViewController.swift in Sources */ = {isa = PBXBuildFile; fileRef = 57A397EC2C315E57007889D6 /* SearchViewController.swift */; };
		57D5DA952C46E2F400EC3A97 /* TabBarController.swift in Sources */ = {isa = PBXBuildFile; fileRef = 57A397EA2C315E52007889D6 /* TabBarController.swift */; };
		57D5DA962C46E2F400EC3A97 /* IconSearchResults.swift in Sources */ = {isa = PBXBuildFile; fileRef = 579C1A182C370B6200428ED0 /* IconSearchResults.swift */; };
		57D5DA972C46E32600EC3A97 /* FindIcon.xcdatamodeld in Sources */ = {isa = PBXBuildFile; fileRef = 578BFAC82C3AD46000A9D6D2 /* FindIcon.xcdatamodeld */; };
		57D5DA982C46E34400EC3A97 /* Assets.xcassets in Resources */ = {isa = PBXBuildFile; fileRef = 57A397DF2C315D3B007889D6 /* Assets.xcassets */; };
/* End PBXBuildFile section */

/* Begin PBXContainerItemProxy section */
		57A3EEBE2C4ACE50007DCB19 /* PBXContainerItemProxy */ = {
			isa = PBXContainerItemProxy;
			containerPortal = 57A397CB2C315D3A007889D6 /* Project object */;
			proxyType = 1;
			remoteGlobalIDString = 57A397D22C315D3A007889D6;
			remoteInfo = findIcon;
		};
		57D5DA832C46E17900EC3A97 /* PBXContainerItemProxy */ = {
			isa = PBXContainerItemProxy;
			containerPortal = 57A397CB2C315D3A007889D6 /* Project object */;
			proxyType = 1;
			remoteGlobalIDString = 57A397D22C315D3A007889D6;
			remoteInfo = findIcon;
		};
/* End PBXContainerItemProxy section */

/* Begin PBXFileReference section */
		578BFAC92C3AD46000A9D6D2 /* UserIcon.xcdatamodel */ = {isa = PBXFileReference; lastKnownFileType = wrapper.xcdatamodel; path = UserIcon.xcdatamodel; sourceTree = "<group>"; };
		578BFACB2C3AD7FA00A9D6D2 /* IconModel.swift */ = {isa = PBXFileReference; lastKnownFileType = sourcecode.swift; path = IconModel.swift; sourceTree = "<group>"; };
		578BFACD2C3AE77700A9D6D2 /* CoreDataHelper.swift */ = {isa = PBXFileReference; lastKnownFileType = sourcecode.swift; path = CoreDataHelper.swift; sourceTree = "<group>"; };
		5792A9052C42A2BF00B81782 /* UIViewControllerExtension.swift */ = {isa = PBXFileReference; lastKnownFileType = sourcecode.swift; path = UIViewControllerExtension.swift; sourceTree = "<group>"; };
		5792A9072C42A34600B81782 /* IconTableView.swift */ = {isa = PBXFileReference; lastKnownFileType = sourcecode.swift; path = IconTableView.swift; sourceTree = "<group>"; };
		5792A9092C42AA8600B81782 /* IconTableViewModel.swift */ = {isa = PBXFileReference; lastKnownFileType = sourcecode.swift; path = IconTableViewModel.swift; sourceTree = "<group>"; };
		5792A9102C42AC9200B81782 /* JSONHelper.swift */ = {isa = PBXFileReference; lastKnownFileType = sourcecode.swift; path = JSONHelper.swift; sourceTree = "<group>"; };
		579C1A162C36A77C00428ED0 /* SearchViewModel.swift */ = {isa = PBXFileReference; lastKnownFileType = sourcecode.swift; path = SearchViewModel.swift; sourceTree = "<group>"; };
		579C1A182C370B6200428ED0 /* IconSearchResults.swift */ = {isa = PBXFileReference; lastKnownFileType = sourcecode.swift; path = IconSearchResults.swift; sourceTree = "<group>"; };
		57A397D32C315D3A007889D6 /* findIcon.app */ = {isa = PBXFileReference; explicitFileType = wrapper.application; includeInIndex = 0; path = findIcon.app; sourceTree = BUILT_PRODUCTS_DIR; };
		57A397D62C315D3A007889D6 /* AppDelegate.swift */ = {isa = PBXFileReference; lastKnownFileType = sourcecode.swift; path = AppDelegate.swift; sourceTree = "<group>"; };
		57A397D82C315D3A007889D6 /* SceneDelegate.swift */ = {isa = PBXFileReference; lastKnownFileType = sourcecode.swift; path = SceneDelegate.swift; sourceTree = "<group>"; };
		57A397DF2C315D3B007889D6 /* Assets.xcassets */ = {isa = PBXFileReference; lastKnownFileType = folder.assetcatalog; path = Assets.xcassets; sourceTree = "<group>"; };
		57A397E22C315D3B007889D6 /* Base */ = {isa = PBXFileReference; lastKnownFileType = file.storyboard; name = Base; path = Base.lproj/LaunchScreen.storyboard; sourceTree = "<group>"; };
		57A397E42C315D3B007889D6 /* Info.plist */ = {isa = PBXFileReference; lastKnownFileType = text.plist.xml; path = Info.plist; sourceTree = "<group>"; };
		57A397EA2C315E52007889D6 /* TabBarController.swift */ = {isa = PBXFileReference; fileEncoding = 4; lastKnownFileType = sourcecode.swift; path = TabBarController.swift; sourceTree = "<group>"; };
		57A397EC2C315E57007889D6 /* SearchViewController.swift */ = {isa = PBXFileReference; fileEncoding = 4; lastKnownFileType = sourcecode.swift; path = SearchViewController.swift; sourceTree = "<group>"; };
		57A397EE2C315E5C007889D6 /* FavoriteViewController.swift */ = {isa = PBXFileReference; fileEncoding = 4; lastKnownFileType = sourcecode.swift; path = FavoriteViewController.swift; sourceTree = "<group>"; };
		57A397F12C315E6D007889D6 /* Strings.swift */ = {isa = PBXFileReference; fileEncoding = 4; lastKnownFileType = sourcecode.swift; path = Strings.swift; sourceTree = "<group>"; };
		57A397F62C33120A007889D6 /* IconTableViewCell.swift */ = {isa = PBXFileReference; lastKnownFileType = sourcecode.swift; path = IconTableViewCell.swift; sourceTree = "<group>"; };
		57A3EEB82C4ACE50007DCB19 /* findIconUITests.xctest */ = {isa = PBXFileReference; explicitFileType = wrapper.cfbundle; includeInIndex = 0; path = findIconUITests.xctest; sourceTree = BUILT_PRODUCTS_DIR; };
		57A3EEBA2C4ACE50007DCB19 /* findIconUITests.swift */ = {isa = PBXFileReference; lastKnownFileType = sourcecode.swift; path = findIconUITests.swift; sourceTree = "<group>"; };
		57A3EEBC2C4ACE50007DCB19 /* findIconUITestsLaunchTests.swift */ = {isa = PBXFileReference; lastKnownFileType = sourcecode.swift; path = findIconUITestsLaunchTests.swift; sourceTree = "<group>"; };
		57A3EED42C4AD196007DCB19 /* findIcon.xctestplan */ = {isa = PBXFileReference; lastKnownFileType = text; path = findIcon.xctestplan; sourceTree = "<group>"; };
		57D5DA7F2C46E17900EC3A97 /* findIconTests.xctest */ = {isa = PBXFileReference; explicitFileType = wrapper.cfbundle; includeInIndex = 0; path = findIconTests.xctest; sourceTree = BUILT_PRODUCTS_DIR; };
		57D5DA812C46E17900EC3A97 /* findIconTests.swift */ = {isa = PBXFileReference; lastKnownFileType = sourcecode.swift; path = findIconTests.swift; sourceTree = "<group>"; };
/* End PBXFileReference section */

/* Begin PBXFrameworksBuildPhase section */
		57A397D02C315D3A007889D6 /* Frameworks */ = {
			isa = PBXFrameworksBuildPhase;
			buildActionMask = 2147483647;
			files = (
			);
			runOnlyForDeploymentPostprocessing = 0;
		};
		57A3EEB52C4ACE50007DCB19 /* Frameworks */ = {
			isa = PBXFrameworksBuildPhase;
			buildActionMask = 2147483647;
			files = (
			);
			runOnlyForDeploymentPostprocessing = 0;
		};
		57D5DA7C2C46E17900EC3A97 /* Frameworks */ = {
			isa = PBXFrameworksBuildPhase;
			buildActionMask = 2147483647;
			files = (
			);
			runOnlyForDeploymentPostprocessing = 0;
		};
/* End PBXFrameworksBuildPhase section */

/* Begin PBXGroup section */
		5792A90B2C42AB8600B81782 /* SearchIcons */ = {
			isa = PBXGroup;
			children = (
				57A397EC2C315E57007889D6 /* SearchViewController.swift */,
				579C1A162C36A77C00428ED0 /* SearchViewModel.swift */,
				579C1A182C370B6200428ED0 /* IconSearchResults.swift */,
			);
			path = SearchIcons;
			sourceTree = "<group>";
		};
		5792A90C2C42ABAC00B81782 /* IconTable */ = {
			isa = PBXGroup;
			children = (
				57A397F62C33120A007889D6 /* IconTableViewCell.swift */,
				5792A9092C42AA8600B81782 /* IconTableViewModel.swift */,
				5792A9072C42A34600B81782 /* IconTableView.swift */,
				578BFACB2C3AD7FA00A9D6D2 /* IconModel.swift */,
			);
			path = IconTable;
			sourceTree = "<group>";
		};
		5792A90E2C42ABCD00B81782 /* FavoriteIcons */ = {
			isa = PBXGroup;
			children = (
				57A397EE2C315E5C007889D6 /* FavoriteViewController.swift */,
			);
			path = FavoriteIcons;
			sourceTree = "<group>";
		};
		5792A90F2C42ABF200B81782 /* Helper */ = {
			isa = PBXGroup;
			children = (
				578BFACD2C3AE77700A9D6D2 /* CoreDataHelper.swift */,
				5792A9052C42A2BF00B81782 /* UIViewControllerExtension.swift */,
				5792A9102C42AC9200B81782 /* JSONHelper.swift */,
			);
			path = Helper;
			sourceTree = "<group>";
		};
		57A397CA2C315D3A007889D6 = {
			isa = PBXGroup;
			children = (
				57A3EED42C4AD196007DCB19 /* findIcon.xctestplan */,
				57A397D52C315D3A007889D6 /* findIcon */,
				57D5DA802C46E17900EC3A97 /* findIconTests */,
				57A3EEB92C4ACE50007DCB19 /* findIconUITests */,
				57A397D42C315D3A007889D6 /* Products */,
			);
			sourceTree = "<group>";
		};
		57A397D42C315D3A007889D6 /* Products */ = {
			isa = PBXGroup;
			children = (
				57A397D32C315D3A007889D6 /* findIcon.app */,
				57D5DA7F2C46E17900EC3A97 /* findIconTests.xctest */,
				57A3EEB82C4ACE50007DCB19 /* findIconUITests.xctest */,
			);
			name = Products;
			sourceTree = "<group>";
		};
		57A397D52C315D3A007889D6 /* findIcon */ = {
			isa = PBXGroup;
			children = (
				57A397E42C315D3B007889D6 /* Info.plist */,
				57A397F52C315F30007889D6 /* Common */,
				57A397F22C315E6D007889D6 /* Static */,
				57A397EA2C315E52007889D6 /* TabBarController.swift */,
				5792A90C2C42ABAC00B81782 /* IconTable */,
				5792A90B2C42AB8600B81782 /* SearchIcons */,
				5792A90E2C42ABCD00B81782 /* FavoriteIcons */,
				5792A90F2C42ABF200B81782 /* Helper */,
			);
			path = findIcon;
			sourceTree = "<group>";
			usesTabs = 0;
		};
		57A397F22C315E6D007889D6 /* Static */ = {
			isa = PBXGroup;
			children = (
				57A397DF2C315D3B007889D6 /* Assets.xcassets */,
				57A397F12C315E6D007889D6 /* Strings.swift */,
			);
			path = Static;
			sourceTree = "<group>";
		};
		57A397F52C315F30007889D6 /* Common */ = {
			isa = PBXGroup;
			children = (
				578BFAC82C3AD46000A9D6D2 /* FindIcon.xcdatamodeld */,
				57A397E12C315D3B007889D6 /* LaunchScreen.storyboard */,
				57A397D82C315D3A007889D6 /* SceneDelegate.swift */,
				57A397D62C315D3A007889D6 /* AppDelegate.swift */,
			);
			path = Common;
			sourceTree = "<group>";
		};
		57A3EEB92C4ACE50007DCB19 /* findIconUITests */ = {
			isa = PBXGroup;
			children = (
				57A3EEBA2C4ACE50007DCB19 /* findIconUITests.swift */,
				57A3EEBC2C4ACE50007DCB19 /* findIconUITestsLaunchTests.swift */,
			);
			path = findIconUITests;
			sourceTree = "<group>";
		};
		57D5DA802C46E17900EC3A97 /* findIconTests */ = {
			isa = PBXGroup;
			children = (
				57D5DA812C46E17900EC3A97 /* findIconTests.swift */,
			);
			path = findIconTests;
			sourceTree = "<group>";
		};
/* End PBXGroup section */

/* Begin PBXNativeTarget section */
		57A397D22C315D3A007889D6 /* findIcon */ = {
			isa = PBXNativeTarget;
			buildConfigurationList = 57A397E72C315D3B007889D6 /* Build configuration list for PBXNativeTarget "findIcon" */;
			buildPhases = (
				57A397CF2C315D3A007889D6 /* Sources */,
				57A397D02C315D3A007889D6 /* Frameworks */,
				57A397D12C315D3A007889D6 /* Resources */,
			);
			buildRules = (
			);
			dependencies = (
			);
			name = findIcon;
			productName = findIcon;
			productReference = 57A397D32C315D3A007889D6 /* findIcon.app */;
			productType = "com.apple.product-type.application";
		};
		57A3EEB72C4ACE50007DCB19 /* findIconUITests */ = {
			isa = PBXNativeTarget;
			buildConfigurationList = 57A3EEC22C4ACE50007DCB19 /* Build configuration list for PBXNativeTarget "findIconUITests" */;
			buildPhases = (
				57A3EEB42C4ACE50007DCB19 /* Sources */,
				57A3EEB52C4ACE50007DCB19 /* Frameworks */,
				57A3EEB62C4ACE50007DCB19 /* Resources */,
			);
			buildRules = (
			);
			dependencies = (
				57A3EEBF2C4ACE50007DCB19 /* PBXTargetDependency */,
			);
			name = findIconUITests;
			productName = findIconUITests;
			productReference = 57A3EEB82C4ACE50007DCB19 /* findIconUITests.xctest */;
			productType = "com.apple.product-type.bundle.ui-testing";
		};
		57D5DA7E2C46E17900EC3A97 /* findIconTests */ = {
			isa = PBXNativeTarget;
			buildConfigurationList = 57D5DA872C46E17900EC3A97 /* Build configuration list for PBXNativeTarget "findIconTests" */;
			buildPhases = (
				57D5DA7B2C46E17900EC3A97 /* Sources */,
				57D5DA7C2C46E17900EC3A97 /* Frameworks */,
				57D5DA7D2C46E17900EC3A97 /* Resources */,
			);
			buildRules = (
			);
			dependencies = (
				57D5DA842C46E17900EC3A97 /* PBXTargetDependency */,
			);
			name = findIconTests;
			productName = findIconTests;
			productReference = 57D5DA7F2C46E17900EC3A97 /* findIconTests.xctest */;
			productType = "com.apple.product-type.bundle.unit-test";
		};
/* End PBXNativeTarget section */

/* Begin PBXProject section */
		57A397CB2C315D3A007889D6 /* Project object */ = {
			isa = PBXProject;
			attributes = {
				BuildIndependentTargetsInParallel = 1;
				LastSwiftUpdateCheck = 1540;
				LastUpgradeCheck = 1540;
				TargetAttributes = {
					57A397D22C315D3A007889D6 = {
						CreatedOnToolsVersion = 15.4;
					};
					57A3EEB72C4ACE50007DCB19 = {
						CreatedOnToolsVersion = 15.4;
						TestTargetID = 57A397D22C315D3A007889D6;
					};
					57D5DA7E2C46E17900EC3A97 = {
						CreatedOnToolsVersion = 15.4;
						TestTargetID = 57A397D22C315D3A007889D6;
					};
				};
			};
			buildConfigurationList = 57A397CE2C315D3A007889D6 /* Build configuration list for PBXProject "findIcon" */;
			compatibilityVersion = "Xcode 14.0";
			developmentRegion = en;
			hasScannedForEncodings = 0;
			knownRegions = (
				en,
				Base,
			);
			mainGroup = 57A397CA2C315D3A007889D6;
			productRefGroup = 57A397D42C315D3A007889D6 /* Products */;
			projectDirPath = "";
			projectRoot = "";
			targets = (
				57A397D22C315D3A007889D6 /* findIcon */,
				57D5DA7E2C46E17900EC3A97 /* findIconTests */,
				57A3EEB72C4ACE50007DCB19 /* findIconUITests */,
			);
		};
/* End PBXProject section */

/* Begin PBXResourcesBuildPhase section */
		57A397D12C315D3A007889D6 /* Resources */ = {
			isa = PBXResourcesBuildPhase;
			buildActionMask = 2147483647;
			files = (
				57A397E02C315D3B007889D6 /* Assets.xcassets in Resources */,
				57A397E32C315D3B007889D6 /* Base in Resources */,
			);
			runOnlyForDeploymentPostprocessing = 0;
		};
		57A3EEB62C4ACE50007DCB19 /* Resources */ = {
			isa = PBXResourcesBuildPhase;
			buildActionMask = 2147483647;
			files = (
				57A3EED32C4AD150007DCB19 /* Assets.xcassets in Resources */,
			);
			runOnlyForDeploymentPostprocessing = 0;
		};
		57D5DA7D2C46E17900EC3A97 /* Resources */ = {
			isa = PBXResourcesBuildPhase;
			buildActionMask = 2147483647;
			files = (
				57D5DA982C46E34400EC3A97 /* Assets.xcassets in Resources */,
			);
			runOnlyForDeploymentPostprocessing = 0;
		};
/* End PBXResourcesBuildPhase section */

/* Begin PBXSourcesBuildPhase section */
		57A397CF2C315D3A007889D6 /* Sources */ = {
			isa = PBXSourcesBuildPhase;
			buildActionMask = 2147483647;
			files = (
				57A397ED2C315E57007889D6 /* SearchViewController.swift in Sources */,
				57A397F42C315E6D007889D6 /* Strings.swift in Sources */,
				57A397EB2C315E52007889D6 /* TabBarController.swift in Sources */,
				57A397D72C315D3A007889D6 /* AppDelegate.swift in Sources */,
				57A397EF2C315E5C007889D6 /* FavoriteViewController.swift in Sources */,
				5792A9112C42AC9200B81782 /* JSONHelper.swift in Sources */,
				578BFACC2C3AD7FA00A9D6D2 /* IconModel.swift in Sources */,
				578BFACE2C3AE77700A9D6D2 /* CoreDataHelper.swift in Sources */,
				5792A90A2C42AA8600B81782 /* IconTableViewModel.swift in Sources */,
				579C1A172C36A77C00428ED0 /* SearchViewModel.swift in Sources */,
				57A397F72C33120A007889D6 /* IconTableViewCell.swift in Sources */,
				5792A9062C42A2BF00B81782 /* UIViewControllerExtension.swift in Sources */,
				5792A9082C42A34600B81782 /* IconTableView.swift in Sources */,
				579C1A192C370B6200428ED0 /* IconSearchResults.swift in Sources */,
				57A397D92C315D3A007889D6 /* SceneDelegate.swift in Sources */,
				578BFACA2C3AD46000A9D6D2 /* FindIcon.xcdatamodeld in Sources */,
			);
			runOnlyForDeploymentPostprocessing = 0;
		};
		57A3EEB42C4ACE50007DCB19 /* Sources */ = {
			isa = PBXSourcesBuildPhase;
			buildActionMask = 2147483647;
			files = (
				57A3EEC32C4ACE9C007DCB19 /* FavoriteViewController.swift in Sources */,
				57A3EEC42C4ACE9C007DCB19 /* SearchViewModel.swift in Sources */,
				57A3EEC52C4ACE9C007DCB19 /* TabBarController.swift in Sources */,
				57A3EEC62C4ACE9C007DCB19 /* JSONHelper.swift in Sources */,
				57A3EEC72C4ACE9C007DCB19 /* SceneDelegate.swift in Sources */,
				57A3EED22C4ACEA1007DCB19 /* FindIcon.xcdatamodeld in Sources */,
				57A3EEC82C4ACE9C007DCB19 /* IconSearchResults.swift in Sources */,
				57A3EEC92C4ACE9C007DCB19 /* UIViewControllerExtension.swift in Sources */,
				57A3EECA2C4ACE9C007DCB19 /* SearchViewController.swift in Sources */,
				57A3EECB2C4ACE9C007DCB19 /* IconTableView.swift in Sources */,
				57A3EECC2C4ACE9C007DCB19 /* AppDelegate.swift in Sources */,
				57A3EECD2C4ACE9C007DCB19 /* IconTableViewCell.swift in Sources */,
				57A3EECE2C4ACE9C007DCB19 /* IconTableViewModel.swift in Sources */,
				57A3EECF2C4ACE9C007DCB19 /* Strings.swift in Sources */,
				57A3EED02C4ACE9C007DCB19 /* IconModel.swift in Sources */,
				57A3EED12C4ACE9C007DCB19 /* CoreDataHelper.swift in Sources */,
				57A3EEBD2C4ACE50007DCB19 /* findIconUITestsLaunchTests.swift in Sources */,
				57A3EEBB2C4ACE50007DCB19 /* findIconUITests.swift in Sources */,
			);
			runOnlyForDeploymentPostprocessing = 0;
		};
		57D5DA7B2C46E17900EC3A97 /* Sources */ = {
			isa = PBXSourcesBuildPhase;
			buildActionMask = 2147483647;
			files = (
				57D5DA8B2C46E2E300EC3A97 /* CoreDataHelper.swift in Sources */,
				57D5DA8A2C46E2CA00EC3A97 /* IconModel.swift in Sources */,
				57D5DA8C2C46E2F400EC3A97 /* IconTableViewCell.swift in Sources */,
				57D5DA8D2C46E2F400EC3A97 /* SceneDelegate.swift in Sources */,
				57D5DA8E2C46E2F400EC3A97 /* Strings.swift in Sources */,
				57D5DA8F2C46E2F400EC3A97 /* UIViewControllerExtension.swift in Sources */,
				57D5DA902C46E2F400EC3A97 /* JSONHelper.swift in Sources */,
				57D5DA912C46E2F400EC3A97 /* FavoriteViewController.swift in Sources */,
				57D5DA922C46E2F400EC3A97 /* AppDelegate.swift in Sources */,
				57D5DA932C46E2F400EC3A97 /* IconTableView.swift in Sources */,
				57D5DA942C46E2F400EC3A97 /* SearchViewController.swift in Sources */,
				57D5DA952C46E2F400EC3A97 /* TabBarController.swift in Sources */,
				57D5DA962C46E2F400EC3A97 /* IconSearchResults.swift in Sources */,
				57D5DA882C46E1CF00EC3A97 /* SearchViewModel.swift in Sources */,
				57D5DA892C46E22000EC3A97 /* IconTableViewModel.swift in Sources */,
				57D5DA972C46E32600EC3A97 /* FindIcon.xcdatamodeld in Sources */,
				57D5DA822C46E17900EC3A97 /* findIconTests.swift in Sources */,
			);
			runOnlyForDeploymentPostprocessing = 0;
		};
/* End PBXSourcesBuildPhase section */

/* Begin PBXTargetDependency section */
		57A3EEBF2C4ACE50007DCB19 /* PBXTargetDependency */ = {
			isa = PBXTargetDependency;
			target = 57A397D22C315D3A007889D6 /* findIcon */;
			targetProxy = 57A3EEBE2C4ACE50007DCB19 /* PBXContainerItemProxy */;
		};
		57D5DA842C46E17900EC3A97 /* PBXTargetDependency */ = {
			isa = PBXTargetDependency;
			target = 57A397D22C315D3A007889D6 /* findIcon */;
			targetProxy = 57D5DA832C46E17900EC3A97 /* PBXContainerItemProxy */;
		};
/* End PBXTargetDependency section */

/* Begin PBXVariantGroup section */
		57A397E12C315D3B007889D6 /* LaunchScreen.storyboard */ = {
			isa = PBXVariantGroup;
			children = (
				57A397E22C315D3B007889D6 /* Base */,
			);
			name = LaunchScreen.storyboard;
			sourceTree = "<group>";
		};
/* End PBXVariantGroup section */

/* Begin XCBuildConfiguration section */
		57A397E52C315D3B007889D6 /* Debug */ = {
			isa = XCBuildConfiguration;
			buildSettings = {
				ALWAYS_SEARCH_USER_PATHS = NO;
				ASSETCATALOG_COMPILER_GENERATE_SWIFT_ASSET_SYMBOL_EXTENSIONS = YES;
				CLANG_ANALYZER_NONNULL = YES;
				CLANG_ANALYZER_NUMBER_OBJECT_CONVERSION = YES_AGGRESSIVE;
				CLANG_CXX_LANGUAGE_STANDARD = "gnu++20";
				CLANG_ENABLE_MODULES = YES;
				CLANG_ENABLE_OBJC_ARC = YES;
				CLANG_ENABLE_OBJC_WEAK = YES;
				CLANG_WARN_BLOCK_CAPTURE_AUTORELEASING = YES;
				CLANG_WARN_BOOL_CONVERSION = YES;
				CLANG_WARN_COMMA = YES;
				CLANG_WARN_CONSTANT_CONVERSION = YES;
				CLANG_WARN_DEPRECATED_OBJC_IMPLEMENTATIONS = YES;
				CLANG_WARN_DIRECT_OBJC_ISA_USAGE = YES_ERROR;
				CLANG_WARN_DOCUMENTATION_COMMENTS = YES;
				CLANG_WARN_EMPTY_BODY = YES;
				CLANG_WARN_ENUM_CONVERSION = YES;
				CLANG_WARN_INFINITE_RECURSION = YES;
				CLANG_WARN_INT_CONVERSION = YES;
				CLANG_WARN_NON_LITERAL_NULL_CONVERSION = YES;
				CLANG_WARN_OBJC_IMPLICIT_RETAIN_SELF = YES;
				CLANG_WARN_OBJC_LITERAL_CONVERSION = YES;
				CLANG_WARN_OBJC_ROOT_CLASS = YES_ERROR;
				CLANG_WARN_QUOTED_INCLUDE_IN_FRAMEWORK_HEADER = YES;
				CLANG_WARN_RANGE_LOOP_ANALYSIS = YES;
				CLANG_WARN_STRICT_PROTOTYPES = YES;
				CLANG_WARN_SUSPICIOUS_MOVE = YES;
				CLANG_WARN_UNGUARDED_AVAILABILITY = YES_AGGRESSIVE;
				CLANG_WARN_UNREACHABLE_CODE = YES;
				CLANG_WARN__DUPLICATE_METHOD_MATCH = YES;
				COPY_PHASE_STRIP = NO;
				DEBUG_INFORMATION_FORMAT = dwarf;
				ENABLE_STRICT_OBJC_MSGSEND = YES;
				ENABLE_TESTABILITY = YES;
				ENABLE_USER_SCRIPT_SANDBOXING = YES;
				GCC_C_LANGUAGE_STANDARD = gnu17;
				GCC_DYNAMIC_NO_PIC = NO;
				GCC_NO_COMMON_BLOCKS = YES;
				GCC_OPTIMIZATION_LEVEL = 0;
				GCC_PREPROCESSOR_DEFINITIONS = (
					"DEBUG=1",
					"$(inherited)",
				);
				GCC_WARN_64_TO_32_BIT_CONVERSION = YES;
				GCC_WARN_ABOUT_RETURN_TYPE = YES_ERROR;
				GCC_WARN_UNDECLARED_SELECTOR = YES;
				GCC_WARN_UNINITIALIZED_AUTOS = YES_AGGRESSIVE;
				GCC_WARN_UNUSED_FUNCTION = YES;
				GCC_WARN_UNUSED_VARIABLE = YES;
				IPHONEOS_DEPLOYMENT_TARGET = 14.0;
				LOCALIZATION_PREFERS_STRING_CATALOGS = YES;
				MTL_ENABLE_DEBUG_INFO = INCLUDE_SOURCE;
				MTL_FAST_MATH = YES;
				ONLY_ACTIVE_ARCH = YES;
				SDKROOT = iphoneos;
				SWIFT_ACTIVE_COMPILATION_CONDITIONS = "DEBUG $(inherited)";
				SWIFT_OPTIMIZATION_LEVEL = "-Onone";
			};
			name = Debug;
		};
		57A397E62C315D3B007889D6 /* Release */ = {
			isa = XCBuildConfiguration;
			buildSettings = {
				ALWAYS_SEARCH_USER_PATHS = NO;
				ASSETCATALOG_COMPILER_GENERATE_SWIFT_ASSET_SYMBOL_EXTENSIONS = YES;
				CLANG_ANALYZER_NONNULL = YES;
				CLANG_ANALYZER_NUMBER_OBJECT_CONVERSION = YES_AGGRESSIVE;
				CLANG_CXX_LANGUAGE_STANDARD = "gnu++20";
				CLANG_ENABLE_MODULES = YES;
				CLANG_ENABLE_OBJC_ARC = YES;
				CLANG_ENABLE_OBJC_WEAK = YES;
				CLANG_WARN_BLOCK_CAPTURE_AUTORELEASING = YES;
				CLANG_WARN_BOOL_CONVERSION = YES;
				CLANG_WARN_COMMA = YES;
				CLANG_WARN_CONSTANT_CONVERSION = YES;
				CLANG_WARN_DEPRECATED_OBJC_IMPLEMENTATIONS = YES;
				CLANG_WARN_DIRECT_OBJC_ISA_USAGE = YES_ERROR;
				CLANG_WARN_DOCUMENTATION_COMMENTS = YES;
				CLANG_WARN_EMPTY_BODY = YES;
				CLANG_WARN_ENUM_CONVERSION = YES;
				CLANG_WARN_INFINITE_RECURSION = YES;
				CLANG_WARN_INT_CONVERSION = YES;
				CLANG_WARN_NON_LITERAL_NULL_CONVERSION = YES;
				CLANG_WARN_OBJC_IMPLICIT_RETAIN_SELF = YES;
				CLANG_WARN_OBJC_LITERAL_CONVERSION = YES;
				CLANG_WARN_OBJC_ROOT_CLASS = YES_ERROR;
				CLANG_WARN_QUOTED_INCLUDE_IN_FRAMEWORK_HEADER = YES;
				CLANG_WARN_RANGE_LOOP_ANALYSIS = YES;
				CLANG_WARN_STRICT_PROTOTYPES = YES;
				CLANG_WARN_SUSPICIOUS_MOVE = YES;
				CLANG_WARN_UNGUARDED_AVAILABILITY = YES_AGGRESSIVE;
				CLANG_WARN_UNREACHABLE_CODE = YES;
				CLANG_WARN__DUPLICATE_METHOD_MATCH = YES;
				COPY_PHASE_STRIP = NO;
				DEBUG_INFORMATION_FORMAT = "dwarf-with-dsym";
				ENABLE_NS_ASSERTIONS = NO;
				ENABLE_STRICT_OBJC_MSGSEND = YES;
				ENABLE_USER_SCRIPT_SANDBOXING = YES;
				GCC_C_LANGUAGE_STANDARD = gnu17;
				GCC_NO_COMMON_BLOCKS = YES;
				GCC_WARN_64_TO_32_BIT_CONVERSION = YES;
				GCC_WARN_ABOUT_RETURN_TYPE = YES_ERROR;
				GCC_WARN_UNDECLARED_SELECTOR = YES;
				GCC_WARN_UNINITIALIZED_AUTOS = YES_AGGRESSIVE;
				GCC_WARN_UNUSED_FUNCTION = YES;
				GCC_WARN_UNUSED_VARIABLE = YES;
				IPHONEOS_DEPLOYMENT_TARGET = 14.0;
				LOCALIZATION_PREFERS_STRING_CATALOGS = YES;
				MTL_ENABLE_DEBUG_INFO = NO;
				MTL_FAST_MATH = YES;
				SDKROOT = iphoneos;
				SWIFT_COMPILATION_MODE = wholemodule;
				VALIDATE_PRODUCT = YES;
			};
			name = Release;
		};
		57A397E82C315D3B007889D6 /* Debug */ = {
			isa = XCBuildConfiguration;
			buildSettings = {
				ASSETCATALOG_COMPILER_APPICON_NAME = AppIcon;
				ASSETCATALOG_COMPILER_GLOBAL_ACCENT_COLOR_NAME = AccentColor;
				CODE_SIGN_STYLE = Automatic;
				CURRENT_PROJECT_VERSION = 1;
				DEVELOPMENT_TEAM = VZVGW647BZ;
				GENERATE_INFOPLIST_FILE = YES;
				INFOPLIST_FILE = findIcon/Info.plist;
				INFOPLIST_KEY_UIApplicationSupportsIndirectInputEvents = YES;
				INFOPLIST_KEY_UILaunchStoryboardName = LaunchScreen;
				INFOPLIST_KEY_UIMainStoryboardFile = "";
				INFOPLIST_KEY_UISupportedInterfaceOrientations_iPad = "UIInterfaceOrientationPortrait UIInterfaceOrientationPortraitUpsideDown UIInterfaceOrientationLandscapeLeft UIInterfaceOrientationLandscapeRight";
				INFOPLIST_KEY_UISupportedInterfaceOrientations_iPhone = "UIInterfaceOrientationPortrait UIInterfaceOrientationLandscapeLeft UIInterfaceOrientationLandscapeRight";
				LD_RUNPATH_SEARCH_PATHS = (
					"$(inherited)",
					"@executable_path/Frameworks",
				);
				MARKETING_VERSION = 1.0;
				PRODUCT_BUNDLE_IDENTIFIER = thisdjango.findIcon;
				PRODUCT_NAME = "$(TARGET_NAME)";
				SUPPORTED_PLATFORMS = "iphoneos iphonesimulator";
				SUPPORTS_MACCATALYST = NO;
				SUPPORTS_MAC_DESIGNED_FOR_IPHONE_IPAD = NO;
				SUPPORTS_XR_DESIGNED_FOR_IPHONE_IPAD = NO;
				SWIFT_EMIT_LOC_STRINGS = YES;
				SWIFT_VERSION = 5.0;
				TARGETED_DEVICE_FAMILY = "1,2";
			};
			name = Debug;
		};
		57A397E92C315D3B007889D6 /* Release */ = {
			isa = XCBuildConfiguration;
			buildSettings = {
				ASSETCATALOG_COMPILER_APPICON_NAME = AppIcon;
				ASSETCATALOG_COMPILER_GLOBAL_ACCENT_COLOR_NAME = AccentColor;
				CODE_SIGN_STYLE = Automatic;
				CURRENT_PROJECT_VERSION = 1;
				DEVELOPMENT_TEAM = VZVGW647BZ;
				GENERATE_INFOPLIST_FILE = YES;
				INFOPLIST_FILE = findIcon/Info.plist;
				INFOPLIST_KEY_UIApplicationSupportsIndirectInputEvents = YES;
				INFOPLIST_KEY_UILaunchStoryboardName = LaunchScreen;
				INFOPLIST_KEY_UIMainStoryboardFile = "";
				INFOPLIST_KEY_UISupportedInterfaceOrientations_iPad = "UIInterfaceOrientationPortrait UIInterfaceOrientationPortraitUpsideDown UIInterfaceOrientationLandscapeLeft UIInterfaceOrientationLandscapeRight";
				INFOPLIST_KEY_UISupportedInterfaceOrientations_iPhone = "UIInterfaceOrientationPortrait UIInterfaceOrientationLandscapeLeft UIInterfaceOrientationLandscapeRight";
				LD_RUNPATH_SEARCH_PATHS = (
					"$(inherited)",
					"@executable_path/Frameworks",
				);
				MARKETING_VERSION = 1.0;
				PRODUCT_BUNDLE_IDENTIFIER = thisdjango.findIcon;
				PRODUCT_NAME = "$(TARGET_NAME)";
				SUPPORTED_PLATFORMS = "iphoneos iphonesimulator";
				SUPPORTS_MACCATALYST = NO;
				SUPPORTS_MAC_DESIGNED_FOR_IPHONE_IPAD = NO;
				SUPPORTS_XR_DESIGNED_FOR_IPHONE_IPAD = NO;
				SWIFT_EMIT_LOC_STRINGS = YES;
				SWIFT_VERSION = 5.0;
				TARGETED_DEVICE_FAMILY = "1,2";
			};
			name = Release;
		};
		57A3EEC02C4ACE50007DCB19 /* Debug */ = {
			isa = XCBuildConfiguration;
			buildSettings = {
				CODE_SIGN_STYLE = Automatic;
				CURRENT_PROJECT_VERSION = 1;
				DEVELOPMENT_TEAM = VZVGW647BZ;
				GENERATE_INFOPLIST_FILE = YES;
				IPHONEOS_DEPLOYMENT_TARGET = 14.0;
				MARKETING_VERSION = 1.0;
				PRODUCT_BUNDLE_IDENTIFIER = thisdjango.findIconUITests;
				PRODUCT_NAME = "$(TARGET_NAME)";
				SWIFT_EMIT_LOC_STRINGS = NO;
				SWIFT_VERSION = 5.0;
				TARGETED_DEVICE_FAMILY = "1,2";
				TEST_TARGET_NAME = findIcon;
			};
			name = Debug;
		};
		57A3EEC12C4ACE50007DCB19 /* Release */ = {
			isa = XCBuildConfiguration;
			buildSettings = {
				CODE_SIGN_STYLE = Automatic;
				CURRENT_PROJECT_VERSION = 1;
				DEVELOPMENT_TEAM = VZVGW647BZ;
				GENERATE_INFOPLIST_FILE = YES;
				IPHONEOS_DEPLOYMENT_TARGET = 14.0;
				MARKETING_VERSION = 1.0;
				PRODUCT_BUNDLE_IDENTIFIER = thisdjango.findIconUITests;
				PRODUCT_NAME = "$(TARGET_NAME)";
				SWIFT_EMIT_LOC_STRINGS = NO;
				SWIFT_VERSION = 5.0;
				TARGETED_DEVICE_FAMILY = "1,2";
				TEST_TARGET_NAME = findIcon;
			};
			name = Release;
		};
		57D5DA852C46E17900EC3A97 /* Debug */ = {
			isa = XCBuildConfiguration;
			buildSettings = {
				BUNDLE_LOADER = "$(TEST_HOST)";
				CODE_SIGN_STYLE = Automatic;
				CURRENT_PROJECT_VERSION = 1;
				DEVELOPMENT_TEAM = VZVGW647BZ;
				GENERATE_INFOPLIST_FILE = YES;
				IPHONEOS_DEPLOYMENT_TARGET = 14.0;
				MARKETING_VERSION = 1.0;
				PRODUCT_BUNDLE_IDENTIFIER = thisdjango.findIconTests;
				PRODUCT_NAME = "$(TARGET_NAME)";
				SWIFT_EMIT_LOC_STRINGS = NO;
				SWIFT_VERSION = 5.0;
				TARGETED_DEVICE_FAMILY = "1,2";
				TEST_HOST = "$(BUILT_PRODUCTS_DIR)/findIcon.app/$(BUNDLE_EXECUTABLE_FOLDER_PATH)/findIcon";
			};
			name = Debug;
		};
		57D5DA862C46E17900EC3A97 /* Release */ = {
			isa = XCBuildConfiguration;
			buildSettings = {
				BUNDLE_LOADER = "$(TEST_HOST)";
				CODE_SIGN_STYLE = Automatic;
				CURRENT_PROJECT_VERSION = 1;
				DEVELOPMENT_TEAM = VZVGW647BZ;
				GENERATE_INFOPLIST_FILE = YES;
				IPHONEOS_DEPLOYMENT_TARGET = 14.0;
				MARKETING_VERSION = 1.0;
				PRODUCT_BUNDLE_IDENTIFIER = thisdjango.findIconTests;
				PRODUCT_NAME = "$(TARGET_NAME)";
				SWIFT_EMIT_LOC_STRINGS = NO;
				SWIFT_VERSION = 5.0;
				TARGETED_DEVICE_FAMILY = "1,2";
				TEST_HOST = "$(BUILT_PRODUCTS_DIR)/findIcon.app/$(BUNDLE_EXECUTABLE_FOLDER_PATH)/findIcon";
			};
			name = Release;
		};
/* End XCBuildConfiguration section */

/* Begin XCConfigurationList section */
		57A397CE2C315D3A007889D6 /* Build configuration list for PBXProject "findIcon" */ = {
			isa = XCConfigurationList;
			buildConfigurations = (
				57A397E52C315D3B007889D6 /* Debug */,
				57A397E62C315D3B007889D6 /* Release */,
			);
			defaultConfigurationIsVisible = 0;
			defaultConfigurationName = Release;
		};
		57A397E72C315D3B007889D6 /* Build configuration list for PBXNativeTarget "findIcon" */ = {
			isa = XCConfigurationList;
			buildConfigurations = (
				57A397E82C315D3B007889D6 /* Debug */,
				57A397E92C315D3B007889D6 /* Release */,
			);
			defaultConfigurationIsVisible = 0;
			defaultConfigurationName = Release;
		};
		57A3EEC22C4ACE50007DCB19 /* Build configuration list for PBXNativeTarget "findIconUITests" */ = {
			isa = XCConfigurationList;
			buildConfigurations = (
				57A3EEC02C4ACE50007DCB19 /* Debug */,
				57A3EEC12C4ACE50007DCB19 /* Release */,
			);
			defaultConfigurationIsVisible = 0;
			defaultConfigurationName = Release;
		};
		57D5DA872C46E17900EC3A97 /* Build configuration list for PBXNativeTarget "findIconTests" */ = {
			isa = XCConfigurationList;
			buildConfigurations = (
				57D5DA852C46E17900EC3A97 /* Debug */,
				57D5DA862C46E17900EC3A97 /* Release */,
			);
			defaultConfigurationIsVisible = 0;
			defaultConfigurationName = Release;
		};
/* End XCConfigurationList section */

/* Begin XCVersionGroup section */
		578BFAC82C3AD46000A9D6D2 /* FindIcon.xcdatamodeld */ = {
			isa = XCVersionGroup;
			children = (
				578BFAC92C3AD46000A9D6D2 /* UserIcon.xcdatamodel */,
			);
			currentVersion = 578BFAC92C3AD46000A9D6D2 /* UserIcon.xcdatamodel */;
			path = FindIcon.xcdatamodeld;
			sourceTree = "<group>";
			versionGroupType = wrapper.xcdatamodel;
		};
/* End XCVersionGroup section */
	};
	rootObject = 57A397CB2C315D3A007889D6 /* Project object */;
}
